
Microsoft Visual Studio Solution File, Format Version 12.00
# Visual Studio Version 17
VisualStudioVersion = 17.13.35931.197 d17.13
MinimumVisualStudioVersion = 10.0.40219.1
Project("{FAE04EC0-301F-11D3-BF4B-00C04F79EFBC}") = "Presentation", "Presentation\Presentation.csproj", "{B92FA2FC-B9D4-4AF6-9ADA-3F203C608D5E}"
EndProject
Global
	GlobalSection(SolutionConfigurationPlatforms) = preSolution
		Debug|Any CPU = Debug|Any CPU
		Release|Any CPU = Release|Any CPU
	EndGlobalSection
	GlobalSection(ProjectConfigurationPlatforms) = postSolution
		{B92FA2FC-B9D4-4AF6-9ADA-3F203C608D5E}.Debug|Any CPU.ActiveCfg = Debug|Any CPU
		{B92FA2FC-B9D4-4AF6-9ADA-3F203C608D5E}.Debug|Any CPU.Build.0 = Debug|Any CPU
		{B92FA2FC-B9D4-4AF6-9ADA-3F203C608D5E}.Release|Any CPU.ActiveCfg = Release|Any CPU
		{B92FA2FC-B9D4-4AF6-9ADA-3F203C608D5E}.Release|Any CPU.Build.0 = Release|Any CPU
	EndGlobalSection
	GlobalSection(SolutionProperties) = preSolution
		HideSolutionNode = FALSE
	EndGlobalSection
	GlobalSection(ExtensibilityGlobals) = postSolution
		SolutionGuid = {0F02F133-86F3-450E-883B-F89431E539A1}
	EndGlobalSection
EndGlobal
